
Microsoft Visual Studio Solution File, Format Version 12.00
# Visual Studio Version 16
VisualStudioVersion = 16.0.32929.386
MinimumVisualStudioVersion = 10.0.40219.1
Project("{FAE04EC0-301F-11D3-BF4B-00C04F79EFBC}") = "DataRecorder", "DeteleFiles\DataRecorder.csproj", "{5D3B00ED-479E-4B52-8296-8BB06B283445}"
EndProject
Global
	GlobalSection(SolutionConfigurationPlatforms) = preSolution
		Debug|Any CPU = Debug|Any CPU
		Release|Any CPU = Release|Any CPU
	EndGlobalSection
	GlobalSection(ProjectConfigurationPlatforms) = postSolution
		{5D3B00ED-479E-4B52-8296-8BB06B283445}.Debug|Any CPU.ActiveCfg = Debug|Any CPU
		{5D3B00ED-479E-4B52-8296-8BB06B283445}.Debug|Any CPU.Build.0 = Debug|Any CPU
		{5D3B00ED-479E-4B52-8296-8BB06B283445}.Release|Any CPU.ActiveCfg = Release|Any CPU
		{5D3B00ED-479E-4B52-8296-8BB06B283445}.Release|Any CPU.Build.0 = Release|Any CPU
	EndGlobalSection
	GlobalSection(SolutionProperties) = preSolution
		HideSolutionNode = FALSE
	EndGlobalSection
	GlobalSection(ExtensibilityGlobals) = postSolution
		SolutionGuid = {DABBA00A-9B75-45C2-92AB-06A8D87BA2A5}
	EndGlobalSection
EndGlobal
